// !$*UTF8*$!
{
	archiveVersion = 1;
	classes = {
	};
	objectVersion = 56;
	objects = {

/* Begin PBXBuildFile section */
		4FD4BD9E2D54A3810058D54E /* SwiftuIThinkingBootCampApp.swift in Sources */ = {isa = PBXBuildFile; fileRef = 4FD4BD9D2D54A3810058D54E /* SwiftuIThinkingBootCampApp.swift */; };
		4FD4BDA02D54A3810058D54E /* ContentView.swift in Sources */ = {isa = PBXBuildFile; fileRef = 4FD4BD9F2D54A3810058D54E /* ContentView.swift */; };
		4FD4BDA22D54A3830058D54E /* Assets.xcassets in Resources */ = {isa = PBXBuildFile; fileRef = 4FD4BDA12D54A3830058D54E /* Assets.xcassets */; };
		4FD4BDA52D54A3830058D54E /* Preview Assets.xcassets in Resources */ = {isa = PBXBuildFile; fileRef = 4FD4BDA42D54A3830058D54E /* Preview Assets.xcassets */; };
		4FD4BDAE2D54A94E0058D54E /* BindingBootcamp.swift in Sources */ = {isa = PBXBuildFile; fileRef = 4FD4BDAD2D54A94E0058D54E /* BindingBootcamp.swift */; };
		4FD4BDB02D54AED60058D54E /* StateBootcamp.swift in Sources */ = {isa = PBXBuildFile; fileRef = 4FD4BDAF2D54AED60058D54E /* StateBootcamp.swift */; };
		4FD4BDB22D54B7D20058D54E /* ExtractingFunctionsBootcamp.swift in Sources */ = {isa = PBXBuildFile; fileRef = 4FD4BDB12D54B7D20058D54E /* ExtractingFunctionsBootcamp.swift */; };
		4FD4BDB42D54BB2B0058D54E /* ExtractSubviewsBootcamp.swift in Sources */ = {isa = PBXBuildFile; fileRef = 4FD4BDB32D54BB2B0058D54E /* ExtractSubviewsBootcamp.swift */; };
		4FD4BDB62D54BF360058D54E /* ViewModelBootcamp.swift in Sources */ = {isa = PBXBuildFile; fileRef = 4FD4BDB52D54BF360058D54E /* ViewModelBootcamp.swift */; };
		4FD4BDB82D55B3C00058D54E /* EnvironmentObjectBootcamp.swift in Sources */ = {isa = PBXBuildFile; fileRef = 4FD4BDB72D55B3C00058D54E /* EnvironmentObjectBootcamp.swift */; };
/* End PBXBuildFile section */

/* Begin PBXFileReference section */
		4FD4BD9A2D54A3810058D54E /* SwiftuIThinkingBootCamp.app */ = {isa = PBXFileReference; explicitFileType = wrapper.application; includeInIndex = 0; path = SwiftuIThinkingBootCamp.app; sourceTree = BUILT_PRODUCTS_DIR; };
		4FD4BD9D2D54A3810058D54E /* SwiftuIThinkingBootCampApp.swift */ = {isa = PBXFileReference; lastKnownFileType = sourcecode.swift; path = SwiftuIThinkingBootCampApp.swift; sourceTree = "<group>"; };
		4FD4BD9F2D54A3810058D54E /* ContentView.swift */ = {isa = PBXFileReference; lastKnownFileType = sourcecode.swift; path = ContentView.swift; sourceTree = "<group>"; };
		4FD4BDA12D54A3830058D54E /* Assets.xcassets */ = {isa = PBXFileReference; lastKnownFileType = folder.assetcatalog; path = Assets.xcassets; sourceTree = "<group>"; };
		4FD4BDA42D54A3830058D54E /* Preview Assets.xcassets */ = {isa = PBXFileReference; lastKnownFileType = folder.assetcatalog; path = "Preview Assets.xcassets"; sourceTree = "<group>"; };
		4FD4BDAD2D54A94E0058D54E /* BindingBootcamp.swift */ = {isa = PBXFileReference; lastKnownFileType = sourcecode.swift; path = BindingBootcamp.swift; sourceTree = "<group>"; };
		4FD4BDAF2D54AED60058D54E /* StateBootcamp.swift */ = {isa = PBXFileReference; lastKnownFileType = sourcecode.swift; path = StateBootcamp.swift; sourceTree = "<group>"; };
		4FD4BDB12D54B7D20058D54E /* ExtractingFunctionsBootcamp.swift */ = {isa = PBXFileReference; lastKnownFileType = sourcecode.swift; path = ExtractingFunctionsBootcamp.swift; sourceTree = "<group>"; };
		4FD4BDB32D54BB2B0058D54E /* ExtractSubviewsBootcamp.swift */ = {isa = PBXFileReference; lastKnownFileType = sourcecode.swift; path = ExtractSubviewsBootcamp.swift; sourceTree = "<group>"; };
		4FD4BDB52D54BF360058D54E /* ViewModelBootcamp.swift */ = {isa = PBXFileReference; lastKnownFileType = sourcecode.swift; path = ViewModelBootcamp.swift; sourceTree = "<group>"; };
		4FD4BDB72D55B3C00058D54E /* EnvironmentObjectBootcamp.swift */ = {isa = PBXFileReference; lastKnownFileType = sourcecode.swift; path = EnvironmentObjectBootcamp.swift; sourceTree = "<group>"; };
/* End PBXFileReference section */

/* Begin PBXFrameworksBuildPhase section */
		4FD4BD972D54A3810058D54E /* Frameworks */ = {
			isa = PBXFrameworksBuildPhase;
			buildActionMask = 2147483647;
			files = (
			);
			runOnlyForDeploymentPostprocessing = 0;
		};
/* End PBXFrameworksBuildPhase section */

/* Begin PBXGroup section */
		4FD4BD912D54A3810058D54E = {
			isa = PBXGroup;
			children = (
				4FD4BD9C2D54A3810058D54E /* SwiftuIThinkingBootCamp */,
				4FD4BD9B2D54A3810058D54E /* Products */,
			);
			sourceTree = "<group>";
		};
		4FD4BD9B2D54A3810058D54E /* Products */ = {
			isa = PBXGroup;
			children = (
				4FD4BD9A2D54A3810058D54E /* SwiftuIThinkingBootCamp.app */,
			);
			name = Products;
			sourceTree = "<group>";
		};
		4FD4BD9C2D54A3810058D54E /* SwiftuIThinkingBootCamp */ = {
			isa = PBXGroup;
			children = (
				4FD4BD9D2D54A3810058D54E /* SwiftuIThinkingBootCampApp.swift */,
				4FD4BD9F2D54A3810058D54E /* ContentView.swift */,
				4FD4BDAF2D54AED60058D54E /* StateBootcamp.swift */,
				4FD4BDB12D54B7D20058D54E /* ExtractingFunctionsBootcamp.swift */,
				4FD4BDB32D54BB2B0058D54E /* ExtractSubviewsBootcamp.swift */,
				4FD4BDAD2D54A94E0058D54E /* BindingBootcamp.swift */,
				4FD4BDB52D54BF360058D54E /* ViewModelBootcamp.swift */,
				4FD4BDB72D55B3C00058D54E /* EnvironmentObjectBootcamp.swift */,
				4FD4BDA12D54A3830058D54E /* Assets.xcassets */,
				4FD4BDA32D54A3830058D54E /* Preview Content */,
			);
			path = SwiftuIThinkingBootCamp;
			sourceTree = "<group>";
		};
		4FD4BDA32D54A3830058D54E /* Preview Content */ = {
			isa = PBXGroup;
			children = (
				4FD4BDA42D54A3830058D54E /* Preview Assets.xcassets */,
			);
			path = "Preview Content";
			sourceTree = "<group>";
		};
/* End PBXGroup section */

/* Begin PBXNativeTarget section */
		4FD4BD992D54A3810058D54E /* SwiftuIThinkingBootCamp */ = {
			isa = PBXNativeTarget;
			buildConfigurationList = 4FD4BDA82D54A3830058D54E /* Build configuration list for PBXNativeTarget "SwiftuIThinkingBootCamp" */;
			buildPhases = (
				4FD4BD962D54A3810058D54E /* Sources */,
				4FD4BD972D54A3810058D54E /* Frameworks */,
				4FD4BD982D54A3810058D54E /* Resources */,
			);
			buildRules = (
			);
			dependencies = (
			);
			name = SwiftuIThinkingBootCamp;
			productName = SwiftuIThinkingBootCamp;
			productReference = 4FD4BD9A2D54A3810058D54E /* SwiftuIThinkingBootCamp.app */;
			productType = "com.apple.product-type.application";
		};
/* End PBXNativeTarget section */

/* Begin PBXProject section */
		4FD4BD922D54A3810058D54E /* Project object */ = {
			isa = PBXProject;
			attributes = {
				BuildIndependentTargetsInParallel = 1;
				LastSwiftUpdateCheck = 1530;
				LastUpgradeCheck = 1530;
				TargetAttributes = {
					4FD4BD992D54A3810058D54E = {
						CreatedOnToolsVersion = 15.3;
					};
				};
			};
			buildConfigurationList = 4FD4BD952D54A3810058D54E /* Build configuration list for PBXProject "SwiftuIThinkingBootCamp" */;
			compatibilityVersion = "Xcode 14.0";
			developmentRegion = en;
			hasScannedForEncodings = 0;
			knownRegions = (
				en,
				Base,
			);
			mainGroup = 4FD4BD912D54A3810058D54E;
			productRefGroup = 4FD4BD9B2D54A3810058D54E /* Products */;
			projectDirPath = "";
			projectRoot = "";
			targets = (
				4FD4BD992D54A3810058D54E /* SwiftuIThinkingBootCamp */,
			);
		};
/* End PBXProject section */

/* Begin PBXResourcesBuildPhase section */
		4FD4BD982D54A3810058D54E /* Resources */ = {
			isa = PBXResourcesBuildPhase;
			buildActionMask = 2147483647;
			files = (
				4FD4BDA52D54A3830058D54E /* Preview Assets.xcassets in Resources */,
				4FD4BDA22D54A3830058D54E /* Assets.xcassets in Resources */,
			);
			runOnlyForDeploymentPostprocessing = 0;
		};
/* End PBXResourcesBuildPhase section */

/* Begin PBXSourcesBuildPhase section */
		4FD4BD962D54A3810058D54E /* Sources */ = {
			isa = PBXSourcesBuildPhase;
			buildActionMask = 2147483647;
			files = (
				4FD4BDB62D54BF360058D54E /* ViewModelBootcamp.swift in Sources */,
				4FD4BDB22D54B7D20058D54E /* ExtractingFunctionsBootcamp.swift in Sources */,
				4FD4BDB02D54AED60058D54E /* StateBootcamp.swift in Sources */,
				4FD4BDB82D55B3C00058D54E /* EnvironmentObjectBootcamp.swift in Sources */,
				4FD4BDAE2D54A94E0058D54E /* BindingBootcamp.swift in Sources */,
				4FD4BDA02D54A3810058D54E /* ContentView.swift in Sources */,
				4FD4BDB42D54BB2B0058D54E /* ExtractSubviewsBootcamp.swift in Sources */,
				4FD4BD9E2D54A3810058D54E /* SwiftuIThinkingBootCampApp.swift in Sources */,
			);
			runOnlyForDeploymentPostprocessing = 0;
		};
/* End PBXSourcesBuildPhase section */

/* Begin XCBuildConfiguration section */
		4FD4BDA62D54A3830058D54E /* Debug */ = {
			isa = XCBuildConfiguration;
			buildSettings = {
				ALWAYS_SEARCH_USER_PATHS = NO;
				ASSETCATALOG_COMPILER_GENERATE_SWIFT_ASSET_SYMBOL_EXTENSIONS = YES;
				CLANG_ANALYZER_NONNULL = YES;
				CLANG_ANALYZER_NUMBER_OBJECT_CONVERSION = YES_AGGRESSIVE;
				CLANG_CXX_LANGUAGE_STANDARD = "gnu++20";
				CLANG_ENABLE_MODULES = YES;
				CLANG_ENABLE_OBJC_ARC = YES;
				CLANG_ENABLE_OBJC_WEAK = YES;
				CLANG_WARN_BLOCK_CAPTURE_AUTORELEASING = YES;
				CLANG_WARN_BOOL_CONVERSION = YES;
				CLANG_WARN_COMMA = YES;
				CLANG_WARN_CONSTANT_CONVERSION = YES;
				CLANG_WARN_DEPRECATED_OBJC_IMPLEMENTATIONS = YES;
				CLANG_WARN_DIRECT_OBJC_ISA_USAGE = YES_ERROR;
				CLANG_WARN_DOCUMENTATION_COMMENTS = YES;
				CLANG_WARN_EMPTY_BODY = YES;
				CLANG_WARN_ENUM_CONVERSION = YES;
				CLANG_WARN_INFINITE_RECURSION = YES;
				CLANG_WARN_INT_CONVERSION = YES;
				CLANG_WARN_NON_LITERAL_NULL_CONVERSION = YES;
				CLANG_WARN_OBJC_IMPLICIT_RETAIN_SELF = YES;
				CLANG_WARN_OBJC_LITERAL_CONVERSION = YES;
				CLANG_WARN_OBJC_ROOT_CLASS = YES_ERROR;
				CLANG_WARN_QUOTED_INCLUDE_IN_FRAMEWORK_HEADER = YES;
				CLANG_WARN_RANGE_LOOP_ANALYSIS = YES;
				CLANG_WARN_STRICT_PROTOTYPES = YES;
				CLANG_WARN_SUSPICIOUS_MOVE = YES;
				CLANG_WARN_UNGUARDED_AVAILABILITY = YES_AGGRESSIVE;
				CLANG_WARN_UNREACHABLE_CODE = YES;
				CLANG_WARN__DUPLICATE_METHOD_MATCH = YES;
				COPY_PHASE_STRIP = NO;
				DEBUG_INFORMATION_FORMAT = dwarf;
				ENABLE_STRICT_OBJC_MSGSEND = YES;
				ENABLE_TESTABILITY = YES;
				ENABLE_USER_SCRIPT_SANDBOXING = YES;
				GCC_C_LANGUAGE_STANDARD = gnu17;
				GCC_DYNAMIC_NO_PIC = NO;
				GCC_NO_COMMON_BLOCKS = YES;
				GCC_OPTIMIZATION_LEVEL = 0;
				GCC_PREPROCESSOR_DEFINITIONS = (
					"DEBUG=1",
					"$(inherited)",
				);
				GCC_WARN_64_TO_32_BIT_CONVERSION = YES;
				GCC_WARN_ABOUT_RETURN_TYPE = YES_ERROR;
				GCC_WARN_UNDECLARED_SELECTOR = YES;
				GCC_WARN_UNINITIALIZED_AUTOS = YES_AGGRESSIVE;
				GCC_WARN_UNUSED_FUNCTION = YES;
				GCC_WARN_UNUSED_VARIABLE = YES;
				IPHONEOS_DEPLOYMENT_TARGET = 17.4;
				LOCALIZATION_PREFERS_STRING_CATALOGS = YES;
				MTL_ENABLE_DEBUG_INFO = INCLUDE_SOURCE;
				MTL_FAST_MATH = YES;
				ONLY_ACTIVE_ARCH = YES;
				SDKROOT = iphoneos;
				SWIFT_ACTIVE_COMPILATION_CONDITIONS = "DEBUG $(inherited)";
				SWIFT_OPTIMIZATION_LEVEL = "-Onone";
			};
			name = Debug;
		};
		4FD4BDA72D54A3830058D54E /* Release */ = {
			isa = XCBuildConfiguration;
			buildSettings = {
				ALWAYS_SEARCH_USER_PATHS = NO;
				ASSETCATALOG_COMPILER_GENERATE_SWIFT_ASSET_SYMBOL_EXTENSIONS = YES;
				CLANG_ANALYZER_NONNULL = YES;
				CLANG_ANALYZER_NUMBER_OBJECT_CONVERSION = YES_AGGRESSIVE;
				CLANG_CXX_LANGUAGE_STANDARD = "gnu++20";
				CLANG_ENABLE_MODULES = YES;
				CLANG_ENABLE_OBJC_ARC = YES;
				CLANG_ENABLE_OBJC_WEAK = YES;
				CLANG_WARN_BLOCK_CAPTURE_AUTORELEASING = YES;
				CLANG_WARN_BOOL_CONVERSION = YES;
				CLANG_WARN_COMMA = YES;
				CLANG_WARN_CONSTANT_CONVERSION = YES;
				CLANG_WARN_DEPRECATED_OBJC_IMPLEMENTATIONS = YES;
				CLANG_WARN_DIRECT_OBJC_ISA_USAGE = YES_ERROR;
				CLANG_WARN_DOCUMENTATION_COMMENTS = YES;
				CLANG_WARN_EMPTY_BODY = YES;
				CLANG_WARN_ENUM_CONVERSION = YES;
				CLANG_WARN_INFINITE_RECURSION = YES;
				CLANG_WARN_INT_CONVERSION = YES;
				CLANG_WARN_NON_LITERAL_NULL_CONVERSION = YES;
				CLANG_WARN_OBJC_IMPLICIT_RETAIN_SELF = YES;
				CLANG_WARN_OBJC_LITERAL_CONVERSION = YES;
				CLANG_WARN_OBJC_ROOT_CLASS = YES_ERROR;
				CLANG_WARN_QUOTED_INCLUDE_IN_FRAMEWORK_HEADER = YES;
				CLANG_WARN_RANGE_LOOP_ANALYSIS = YES;
				CLANG_WARN_STRICT_PROTOTYPES = YES;
				CLANG_WARN_SUSPICIOUS_MOVE = YES;
				CLANG_WARN_UNGUARDED_AVAILABILITY = YES_AGGRESSIVE;
				CLANG_WARN_UNREACHABLE_CODE = YES;
				CLANG_WARN__DUPLICATE_METHOD_MATCH = YES;
				COPY_PHASE_STRIP = NO;
				DEBUG_INFORMATION_FORMAT = "dwarf-with-dsym";
				ENABLE_NS_ASSERTIONS = NO;
				ENABLE_STRICT_OBJC_MSGSEND = YES;
				ENABLE_USER_SCRIPT_SANDBOXING = YES;
				GCC_C_LANGUAGE_STANDARD = gnu17;
				GCC_NO_COMMON_BLOCKS = YES;
				GCC_WARN_64_TO_32_BIT_CONVERSION = YES;
				GCC_WARN_ABOUT_RETURN_TYPE = YES_ERROR;
				GCC_WARN_UNDECLARED_SELECTOR = YES;
				GCC_WARN_UNINITIALIZED_AUTOS = YES_AGGRESSIVE;
				GCC_WARN_UNUSED_FUNCTION = YES;
				GCC_WARN_UNUSED_VARIABLE = YES;
				IPHONEOS_DEPLOYMENT_TARGET = 17.4;
				LOCALIZATION_PREFERS_STRING_CATALOGS = YES;
				MTL_ENABLE_DEBUG_INFO = NO;
				MTL_FAST_MATH = YES;
				SDKROOT = iphoneos;
				SWIFT_COMPILATION_MODE = wholemodule;
				VALIDATE_PRODUCT = YES;
			};
			name = Release;
		};
		4FD4BDA92D54A3830058D54E /* Debug */ = {
			isa = XCBuildConfiguration;
			buildSettings = {
				ASSETCATALOG_COMPILER_APPICON_NAME = AppIcon;
				ASSETCATALOG_COMPILER_GLOBAL_ACCENT_COLOR_NAME = AccentColor;
				CODE_SIGN_STYLE = Automatic;
				CURRENT_PROJECT_VERSION = 1;
				DEVELOPMENT_ASSET_PATHS = "\"SwiftuIThinkingBootCamp/Preview Content\"";
				DEVELOPMENT_TEAM = GUP3F3MX45;
				ENABLE_PREVIEWS = YES;
				GENERATE_INFOPLIST_FILE = YES;
				INFOPLIST_KEY_CFBundleDisplayName = Bootcamp;
				INFOPLIST_KEY_UIApplicationSceneManifest_Generation = YES;
				INFOPLIST_KEY_UIApplicationSupportsIndirectInputEvents = YES;
				INFOPLIST_KEY_UILaunchScreen_Generation = YES;
				INFOPLIST_KEY_UISupportedInterfaceOrientations_iPad = "UIInterfaceOrientationPortrait UIInterfaceOrientationPortraitUpsideDown UIInterfaceOrientationLandscapeLeft UIInterfaceOrientationLandscapeRight";
				INFOPLIST_KEY_UISupportedInterfaceOrientations_iPhone = "UIInterfaceOrientationPortrait UIInterfaceOrientationLandscapeLeft UIInterfaceOrientationLandscapeRight";
				LD_RUNPATH_SEARCH_PATHS = (
					"$(inherited)",
					"@executable_path/Frameworks",
				);
				MARKETING_VERSION = 1.0;
				PRODUCT_BUNDLE_IDENTIFIER = com.bobyin.SwiftuIThinkingBootCamp;
				PRODUCT_NAME = "$(TARGET_NAME)";
				SWIFT_EMIT_LOC_STRINGS = YES;
				SWIFT_VERSION = 5.0;
				TARGETED_DEVICE_FAMILY = "1,2";
			};
			name = Debug;
		};
		4FD4BDAA2D54A3830058D54E /* Release */ = {
			isa = XCBuildConfiguration;
			buildSettings = {
				ASSETCATALOG_COMPILER_APPICON_NAME = AppIcon;
				ASSETCATALOG_COMPILER_GLOBAL_ACCENT_COLOR_NAME = AccentColor;
				CODE_SIGN_STYLE = Automatic;
				CURRENT_PROJECT_VERSION = 1;
				DEVELOPMENT_ASSET_PATHS = "\"SwiftuIThinkingBootCamp/Preview Content\"";
				DEVELOPMENT_TEAM = GUP3F3MX45;
				ENABLE_PREVIEWS = YES;
				GENERATE_INFOPLIST_FILE = YES;
				INFOPLIST_KEY_CFBundleDisplayName = Bootcamp;
				INFOPLIST_KEY_UIApplicationSceneManifest_Generation = YES;
				INFOPLIST_KEY_UIApplicationSupportsIndirectInputEvents = YES;
				INFOPLIST_KEY_UILaunchScreen_Generation = YES;
				INFOPLIST_KEY_UISupportedInterfaceOrientations_iPad = "UIInterfaceOrientationPortrait UIInterfaceOrientationPortraitUpsideDown UIInterfaceOrientationLandscapeLeft UIInterfaceOrientationLandscapeRight";
				INFOPLIST_KEY_UISupportedInterfaceOrientations_iPhone = "UIInterfaceOrientationPortrait UIInterfaceOrientationLandscapeLeft UIInterfaceOrientationLandscapeRight";
				LD_RUNPATH_SEARCH_PATHS = (
					"$(inherited)",
					"@executable_path/Frameworks",
				);
				MARKETING_VERSION = 1.0;
				PRODUCT_BUNDLE_IDENTIFIER = com.bobyin.SwiftuIThinkingBootCamp;
				PRODUCT_NAME = "$(TARGET_NAME)";
				SWIFT_EMIT_LOC_STRINGS = YES;
				SWIFT_VERSION = 5.0;
				TARGETED_DEVICE_FAMILY = "1,2";
			};
			name = Release;
		};
/* End XCBuildConfiguration section */

/* Begin XCConfigurationList section */
		4FD4BD952D54A3810058D54E /* Build configuration list for PBXProject "SwiftuIThinkingBootCamp" */ = {
			isa = XCConfigurationList;
			buildConfigurations = (
				4FD4BDA62D54A3830058D54E /* Debug */,
				4FD4BDA72D54A3830058D54E /* Release */,
			);
			defaultConfigurationIsVisible = 0;
			defaultConfigurationName = Release;
		};
		4FD4BDA82D54A3830058D54E /* Build configuration list for PBXNativeTarget "SwiftuIThinkingBootCamp" */ = {
			isa = XCConfigurationList;
			buildConfigurations = (
				4FD4BDA92D54A3830058D54E /* Debug */,
				4FD4BDAA2D54A3830058D54E /* Release */,
			);
			defaultConfigurationIsVisible = 0;
			defaultConfigurationName = Release;
		};
/* End XCConfigurationList section */
	};
	rootObject = 4FD4BD922D54A3810058D54E /* Project object */;
}
